
Microsoft Visual Studio Solution File, Format Version 12.00
# Visual Studio 15
Project("{FAE04EC0-301F-11D3-BF4B-00C04F79EFBC}") = "SAP.Android", "SAP.Android\SAP.Android.csproj", "{A3A5F853-741A-4880-AAA7-324838BF9665}"
EndProject
Project("{FAE04EC0-301F-11D3-BF4B-00C04F79EFBC}") = "SAP.iOS", "SAP.iOS\SAP.iOS.csproj", "{EDA13661-7BCF-44EC-AD39-9061C905093B}"
EndProject
Project("{D954291E-2A0B-460D-934E-DC6B0785DB48}") = "SAP", "SAP\SAP.shproj", "{3A28607C-E1E3-4262-9617-5634CBCB7B6A}"
EndProject
Global
	GlobalSection(SolutionConfigurationPlatforms) = preSolution
		Debug|Any CPU = Debug|Any CPU
		Release|Any CPU = Release|Any CPU
		Debug|iPhoneSimulator = Debug|iPhoneSimulator
		Release|iPhoneSimulator = Release|iPhoneSimulator
		Debug|iPhone = Debug|iPhone
		Release|iPhone = Release|iPhone
		Ad-Hoc|iPhone = Ad-Hoc|iPhone
		AppStore|iPhone = AppStore|iPhone
	EndGlobalSection
	GlobalSection(ProjectConfigurationPlatforms) = postSolution
		{A3A5F853-741A-4880-AAA7-324838BF9665}.Debug|Any CPU.ActiveCfg = Debug|Any CPU
		{A3A5F853-741A-4880-AAA7-324838BF9665}.Debug|Any CPU.Build.0 = Debug|Any CPU
		{A3A5F853-741A-4880-AAA7-324838BF9665}.Release|Any CPU.ActiveCfg = Release|Any CPU
		{A3A5F853-741A-4880-AAA7-324838BF9665}.Release|Any CPU.Build.0 = Release|Any CPU
		{A3A5F853-741A-4880-AAA7-324838BF9665}.Debug|iPhoneSimulator.ActiveCfg = Debug|Any CPU
		{A3A5F853-741A-4880-AAA7-324838BF9665}.Debug|iPhoneSimulator.Build.0 = Debug|Any CPU
		{A3A5F853-741A-4880-AAA7-324838BF9665}.Release|iPhoneSimulator.ActiveCfg = Release|Any CPU
		{A3A5F853-741A-4880-AAA7-324838BF9665}.Release|iPhoneSimulator.Build.0 = Release|Any CPU
		{A3A5F853-741A-4880-AAA7-324838BF9665}.Debug|iPhone.ActiveCfg = Debug|Any CPU
		{A3A5F853-741A-4880-AAA7-324838BF9665}.Debug|iPhone.Build.0 = Debug|Any CPU
		{A3A5F853-741A-4880-AAA7-324838BF9665}.Release|iPhone.ActiveCfg = Release|Any CPU
		{A3A5F853-741A-4880-AAA7-324838BF9665}.Release|iPhone.Build.0 = Release|Any CPU
		{A3A5F853-741A-4880-AAA7-324838BF9665}.Ad-Hoc|iPhone.ActiveCfg = Debug|Any CPU
		{A3A5F853-741A-4880-AAA7-324838BF9665}.Ad-Hoc|iPhone.Build.0 = Debug|Any CPU
		{A3A5F853-741A-4880-AAA7-324838BF9665}.AppStore|iPhone.ActiveCfg = Debug|Any CPU
		{A3A5F853-741A-4880-AAA7-324838BF9665}.AppStore|iPhone.Build.0 = Debug|Any CPU
		{EDA13661-7BCF-44EC-AD39-9061C905093B}.Debug|Any CPU.ActiveCfg = Debug|iPhoneSimulator
		{EDA13661-7BCF-44EC-AD39-9061C905093B}.Debug|Any CPU.Build.0 = Debug|iPhoneSimulator
		{EDA13661-7BCF-44EC-AD39-9061C905093B}.Release|Any CPU.ActiveCfg = Release|iPhoneSimulator
		{EDA13661-7BCF-44EC-AD39-9061C905093B}.Release|Any CPU.Build.0 = Release|iPhoneSimulator
		{EDA13661-7BCF-44EC-AD39-9061C905093B}.Debug|iPhoneSimulator.ActiveCfg = Debug|iPhoneSimulator
		{EDA13661-7BCF-44EC-AD39-9061C905093B}.Debug|iPhoneSimulator.Build.0 = Debug|iPhoneSimulator
		{EDA13661-7BCF-44EC-AD39-9061C905093B}.Release|iPhoneSimulator.ActiveCfg = Release|iPhoneSimulator
		{EDA13661-7BCF-44EC-AD39-9061C905093B}.Release|iPhoneSimulator.Build.0 = Release|iPhoneSimulator
		{EDA13661-7BCF-44EC-AD39-9061C905093B}.Debug|iPhone.ActiveCfg = Debug|iPhone
		{EDA13661-7BCF-44EC-AD39-9061C905093B}.Debug|iPhone.Build.0 = Debug|iPhone
		{EDA13661-7BCF-44EC-AD39-9061C905093B}.Release|iPhone.ActiveCfg = Release|iPhone
		{EDA13661-7BCF-44EC-AD39-9061C905093B}.Release|iPhone.Build.0 = Release|iPhone
		{EDA13661-7BCF-44EC-AD39-9061C905093B}.Ad-Hoc|iPhone.ActiveCfg = Ad-Hoc|iPhone
		{EDA13661-7BCF-44EC-AD39-9061C905093B}.Ad-Hoc|iPhone.Build.0 = Ad-Hoc|iPhone
		{EDA13661-7BCF-44EC-AD39-9061C905093B}.AppStore|iPhone.ActiveCfg = AppStore|iPhone
		{EDA13661-7BCF-44EC-AD39-9061C905093B}.AppStore|iPhone.Build.0 = AppStore|iPhone
	EndGlobalSection
EndGlobal
