
Microsoft Visual Studio Solution File, Format Version 12.00
# Visual Studio 15
Project("{FAE04EC0-301F-11D3-BF4B-00C04F79EFBC}") = "CustomComponents.Android", "CustomComponents.Android\CustomComponents.Android.csproj", "{1E172D6A-98E9-46B3-AA19-39EA549F669F}"
EndProject
Project("{FAE04EC0-301F-11D3-BF4B-00C04F79EFBC}") = "CustomComponents.iOS", "CustomComponents.iOS\CustomComponents.iOS.csproj", "{5BA5F977-BD09-4950-9059-690FDE5DE39F}"
EndProject
Project("{FAE04EC0-301F-11D3-BF4B-00C04F79EFBC}") = "CustomComponents", "CustomComponents\CustomComponents.csproj", "{DEDAFD84-E2B2-4971-90CD-A1BB60E584BC}"
EndProject
Global
	GlobalSection(SolutionConfigurationPlatforms) = preSolution
		Debug|Any CPU = Debug|Any CPU
		Release|Any CPU = Release|Any CPU
		Debug|iPhoneSimulator = Debug|iPhoneSimulator
		Release|iPhoneSimulator = Release|iPhoneSimulator
		Debug|iPhone = Debug|iPhone
		Release|iPhone = Release|iPhone
		Ad-Hoc|iPhone = Ad-Hoc|iPhone
		AppStore|iPhone = AppStore|iPhone
	EndGlobalSection
	GlobalSection(ProjectConfigurationPlatforms) = postSolution
		{1E172D6A-98E9-46B3-AA19-39EA549F669F}.Debug|Any CPU.ActiveCfg = Debug|Any CPU
		{1E172D6A-98E9-46B3-AA19-39EA549F669F}.Debug|Any CPU.Build.0 = Debug|Any CPU
		{1E172D6A-98E9-46B3-AA19-39EA549F669F}.Release|Any CPU.ActiveCfg = Release|Any CPU
		{1E172D6A-98E9-46B3-AA19-39EA549F669F}.Release|Any CPU.Build.0 = Release|Any CPU
		{1E172D6A-98E9-46B3-AA19-39EA549F669F}.Debug|iPhoneSimulator.ActiveCfg = Debug|Any CPU
		{1E172D6A-98E9-46B3-AA19-39EA549F669F}.Debug|iPhoneSimulator.Build.0 = Debug|Any CPU
		{1E172D6A-98E9-46B3-AA19-39EA549F669F}.Release|iPhoneSimulator.ActiveCfg = Release|Any CPU
		{1E172D6A-98E9-46B3-AA19-39EA549F669F}.Release|iPhoneSimulator.Build.0 = Release|Any CPU
		{1E172D6A-98E9-46B3-AA19-39EA549F669F}.Debug|iPhone.ActiveCfg = Debug|Any CPU
		{1E172D6A-98E9-46B3-AA19-39EA549F669F}.Debug|iPhone.Build.0 = Debug|Any CPU
		{1E172D6A-98E9-46B3-AA19-39EA549F669F}.Release|iPhone.ActiveCfg = Release|Any CPU
		{1E172D6A-98E9-46B3-AA19-39EA549F669F}.Release|iPhone.Build.0 = Release|Any CPU
		{1E172D6A-98E9-46B3-AA19-39EA549F669F}.Ad-Hoc|iPhone.ActiveCfg = Debug|Any CPU
		{1E172D6A-98E9-46B3-AA19-39EA549F669F}.Ad-Hoc|iPhone.Build.0 = Debug|Any CPU
		{1E172D6A-98E9-46B3-AA19-39EA549F669F}.AppStore|iPhone.ActiveCfg = Debug|Any CPU
		{1E172D6A-98E9-46B3-AA19-39EA549F669F}.AppStore|iPhone.Build.0 = Debug|Any CPU
		{5BA5F977-BD09-4950-9059-690FDE5DE39F}.Debug|Any CPU.ActiveCfg = Debug|iPhoneSimulator
		{5BA5F977-BD09-4950-9059-690FDE5DE39F}.Debug|Any CPU.Build.0 = Debug|iPhoneSimulator
		{5BA5F977-BD09-4950-9059-690FDE5DE39F}.Release|Any CPU.ActiveCfg = Release|iPhoneSimulator
		{5BA5F977-BD09-4950-9059-690FDE5DE39F}.Release|Any CPU.Build.0 = Release|iPhoneSimulator
		{5BA5F977-BD09-4950-9059-690FDE5DE39F}.Debug|iPhoneSimulator.ActiveCfg = Debug|iPhoneSimulator
		{5BA5F977-BD09-4950-9059-690FDE5DE39F}.Debug|iPhoneSimulator.Build.0 = Debug|iPhoneSimulator
		{5BA5F977-BD09-4950-9059-690FDE5DE39F}.Release|iPhoneSimulator.ActiveCfg = Release|iPhoneSimulator
		{5BA5F977-BD09-4950-9059-690FDE5DE39F}.Release|iPhoneSimulator.Build.0 = Release|iPhoneSimulator
		{5BA5F977-BD09-4950-9059-690FDE5DE39F}.Debug|iPhone.ActiveCfg = Debug|iPhone
		{5BA5F977-BD09-4950-9059-690FDE5DE39F}.Debug|iPhone.Build.0 = Debug|iPhone
		{5BA5F977-BD09-4950-9059-690FDE5DE39F}.Release|iPhone.ActiveCfg = Release|iPhone
		{5BA5F977-BD09-4950-9059-690FDE5DE39F}.Release|iPhone.Build.0 = Release|iPhone
		{5BA5F977-BD09-4950-9059-690FDE5DE39F}.Ad-Hoc|iPhone.ActiveCfg = Ad-Hoc|iPhone
		{5BA5F977-BD09-4950-9059-690FDE5DE39F}.Ad-Hoc|iPhone.Build.0 = Ad-Hoc|iPhone
		{5BA5F977-BD09-4950-9059-690FDE5DE39F}.AppStore|iPhone.ActiveCfg = AppStore|iPhone
		{5BA5F977-BD09-4950-9059-690FDE5DE39F}.AppStore|iPhone.Build.0 = AppStore|iPhone
		{DEDAFD84-E2B2-4971-90CD-A1BB60E584BC}.Debug|Any CPU.ActiveCfg = Debug|Any CPU
		{DEDAFD84-E2B2-4971-90CD-A1BB60E584BC}.Debug|Any CPU.Build.0 = Debug|Any CPU
		{DEDAFD84-E2B2-4971-90CD-A1BB60E584BC}.Release|Any CPU.ActiveCfg = Release|Any CPU
		{DEDAFD84-E2B2-4971-90CD-A1BB60E584BC}.Release|Any CPU.Build.0 = Release|Any CPU
		{DEDAFD84-E2B2-4971-90CD-A1BB60E584BC}.Debug|iPhoneSimulator.ActiveCfg = Debug|Any CPU
		{DEDAFD84-E2B2-4971-90CD-A1BB60E584BC}.Debug|iPhoneSimulator.Build.0 = Debug|Any CPU
		{DEDAFD84-E2B2-4971-90CD-A1BB60E584BC}.Release|iPhoneSimulator.ActiveCfg = Release|Any CPU
		{DEDAFD84-E2B2-4971-90CD-A1BB60E584BC}.Release|iPhoneSimulator.Build.0 = Release|Any CPU
		{DEDAFD84-E2B2-4971-90CD-A1BB60E584BC}.Debug|iPhone.ActiveCfg = Debug|Any CPU
		{DEDAFD84-E2B2-4971-90CD-A1BB60E584BC}.Debug|iPhone.Build.0 = Debug|Any CPU
		{DEDAFD84-E2B2-4971-90CD-A1BB60E584BC}.Release|iPhone.ActiveCfg = Release|Any CPU
		{DEDAFD84-E2B2-4971-90CD-A1BB60E584BC}.Release|iPhone.Build.0 = Release|Any CPU
		{DEDAFD84-E2B2-4971-90CD-A1BB60E584BC}.Ad-Hoc|iPhone.ActiveCfg = Debug|Any CPU
		{DEDAFD84-E2B2-4971-90CD-A1BB60E584BC}.Ad-Hoc|iPhone.Build.0 = Debug|Any CPU
		{DEDAFD84-E2B2-4971-90CD-A1BB60E584BC}.AppStore|iPhone.ActiveCfg = Debug|Any CPU
		{DEDAFD84-E2B2-4971-90CD-A1BB60E584BC}.AppStore|iPhone.Build.0 = Debug|Any CPU
	EndGlobalSection
EndGlobal
