
Microsoft Visual Studio Solution File, Format Version 12.00
# Visual Studio 15
Project("{FAE04EC0-301F-11D3-BF4B-00C04F79EFBC}") = "MasterDetail.Android", "MasterDetail.Android\MasterDetail.Android.csproj", "{BA291F36-8D95-4088-92A8-F2543308CE78}"
EndProject
Project("{FAE04EC0-301F-11D3-BF4B-00C04F79EFBC}") = "MasterDetail.iOS", "MasterDetail.iOS\MasterDetail.iOS.csproj", "{42D0842C-C738-43B9-8904-2D2C87E23316}"
EndProject
Project("{FAE04EC0-301F-11D3-BF4B-00C04F79EFBC}") = "MasterDetail", "MasterDetail\MasterDetail.csproj", "{C019779F-6783-4202-A2EA-D1CBBF0925FC}"
EndProject
Global
	GlobalSection(SolutionConfigurationPlatforms) = preSolution
		Debug|Any CPU = Debug|Any CPU
		Release|Any CPU = Release|Any CPU
		Debug|iPhoneSimulator = Debug|iPhoneSimulator
		Release|iPhoneSimulator = Release|iPhoneSimulator
		Debug|iPhone = Debug|iPhone
		Release|iPhone = Release|iPhone
		Ad-Hoc|iPhone = Ad-Hoc|iPhone
		AppStore|iPhone = AppStore|iPhone
	EndGlobalSection
	GlobalSection(ProjectConfigurationPlatforms) = postSolution
		{BA291F36-8D95-4088-92A8-F2543308CE78}.Debug|Any CPU.ActiveCfg = Debug|Any CPU
		{BA291F36-8D95-4088-92A8-F2543308CE78}.Debug|Any CPU.Build.0 = Debug|Any CPU
		{BA291F36-8D95-4088-92A8-F2543308CE78}.Release|Any CPU.ActiveCfg = Release|Any CPU
		{BA291F36-8D95-4088-92A8-F2543308CE78}.Release|Any CPU.Build.0 = Release|Any CPU
		{BA291F36-8D95-4088-92A8-F2543308CE78}.Debug|iPhoneSimulator.ActiveCfg = Debug|Any CPU
		{BA291F36-8D95-4088-92A8-F2543308CE78}.Debug|iPhoneSimulator.Build.0 = Debug|Any CPU
		{BA291F36-8D95-4088-92A8-F2543308CE78}.Release|iPhoneSimulator.ActiveCfg = Release|Any CPU
		{BA291F36-8D95-4088-92A8-F2543308CE78}.Release|iPhoneSimulator.Build.0 = Release|Any CPU
		{BA291F36-8D95-4088-92A8-F2543308CE78}.Debug|iPhone.ActiveCfg = Debug|Any CPU
		{BA291F36-8D95-4088-92A8-F2543308CE78}.Debug|iPhone.Build.0 = Debug|Any CPU
		{BA291F36-8D95-4088-92A8-F2543308CE78}.Release|iPhone.ActiveCfg = Release|Any CPU
		{BA291F36-8D95-4088-92A8-F2543308CE78}.Release|iPhone.Build.0 = Release|Any CPU
		{BA291F36-8D95-4088-92A8-F2543308CE78}.Ad-Hoc|iPhone.ActiveCfg = Debug|Any CPU
		{BA291F36-8D95-4088-92A8-F2543308CE78}.Ad-Hoc|iPhone.Build.0 = Debug|Any CPU
		{BA291F36-8D95-4088-92A8-F2543308CE78}.AppStore|iPhone.ActiveCfg = Debug|Any CPU
		{BA291F36-8D95-4088-92A8-F2543308CE78}.AppStore|iPhone.Build.0 = Debug|Any CPU
		{42D0842C-C738-43B9-8904-2D2C87E23316}.Debug|Any CPU.ActiveCfg = Debug|iPhoneSimulator
		{42D0842C-C738-43B9-8904-2D2C87E23316}.Debug|Any CPU.Build.0 = Debug|iPhoneSimulator
		{42D0842C-C738-43B9-8904-2D2C87E23316}.Release|Any CPU.ActiveCfg = Release|iPhoneSimulator
		{42D0842C-C738-43B9-8904-2D2C87E23316}.Release|Any CPU.Build.0 = Release|iPhoneSimulator
		{42D0842C-C738-43B9-8904-2D2C87E23316}.Debug|iPhoneSimulator.ActiveCfg = Debug|iPhoneSimulator
		{42D0842C-C738-43B9-8904-2D2C87E23316}.Debug|iPhoneSimulator.Build.0 = Debug|iPhoneSimulator
		{42D0842C-C738-43B9-8904-2D2C87E23316}.Release|iPhoneSimulator.ActiveCfg = Release|iPhoneSimulator
		{42D0842C-C738-43B9-8904-2D2C87E23316}.Release|iPhoneSimulator.Build.0 = Release|iPhoneSimulator
		{42D0842C-C738-43B9-8904-2D2C87E23316}.Debug|iPhone.ActiveCfg = Debug|iPhone
		{42D0842C-C738-43B9-8904-2D2C87E23316}.Debug|iPhone.Build.0 = Debug|iPhone
		{42D0842C-C738-43B9-8904-2D2C87E23316}.Release|iPhone.ActiveCfg = Release|iPhone
		{42D0842C-C738-43B9-8904-2D2C87E23316}.Release|iPhone.Build.0 = Release|iPhone
		{42D0842C-C738-43B9-8904-2D2C87E23316}.Ad-Hoc|iPhone.ActiveCfg = Ad-Hoc|iPhone
		{42D0842C-C738-43B9-8904-2D2C87E23316}.Ad-Hoc|iPhone.Build.0 = Ad-Hoc|iPhone
		{42D0842C-C738-43B9-8904-2D2C87E23316}.AppStore|iPhone.ActiveCfg = AppStore|iPhone
		{42D0842C-C738-43B9-8904-2D2C87E23316}.AppStore|iPhone.Build.0 = AppStore|iPhone
		{C019779F-6783-4202-A2EA-D1CBBF0925FC}.Debug|Any CPU.ActiveCfg = Debug|Any CPU
		{C019779F-6783-4202-A2EA-D1CBBF0925FC}.Debug|Any CPU.Build.0 = Debug|Any CPU
		{C019779F-6783-4202-A2EA-D1CBBF0925FC}.Release|Any CPU.ActiveCfg = Release|Any CPU
		{C019779F-6783-4202-A2EA-D1CBBF0925FC}.Release|Any CPU.Build.0 = Release|Any CPU
		{C019779F-6783-4202-A2EA-D1CBBF0925FC}.Debug|iPhoneSimulator.ActiveCfg = Debug|Any CPU
		{C019779F-6783-4202-A2EA-D1CBBF0925FC}.Debug|iPhoneSimulator.Build.0 = Debug|Any CPU
		{C019779F-6783-4202-A2EA-D1CBBF0925FC}.Release|iPhoneSimulator.ActiveCfg = Release|Any CPU
		{C019779F-6783-4202-A2EA-D1CBBF0925FC}.Release|iPhoneSimulator.Build.0 = Release|Any CPU
		{C019779F-6783-4202-A2EA-D1CBBF0925FC}.Debug|iPhone.ActiveCfg = Debug|Any CPU
		{C019779F-6783-4202-A2EA-D1CBBF0925FC}.Debug|iPhone.Build.0 = Debug|Any CPU
		{C019779F-6783-4202-A2EA-D1CBBF0925FC}.Release|iPhone.ActiveCfg = Release|Any CPU
		{C019779F-6783-4202-A2EA-D1CBBF0925FC}.Release|iPhone.Build.0 = Release|Any CPU
		{C019779F-6783-4202-A2EA-D1CBBF0925FC}.Ad-Hoc|iPhone.ActiveCfg = Debug|Any CPU
		{C019779F-6783-4202-A2EA-D1CBBF0925FC}.Ad-Hoc|iPhone.Build.0 = Debug|Any CPU
		{C019779F-6783-4202-A2EA-D1CBBF0925FC}.AppStore|iPhone.ActiveCfg = Debug|Any CPU
		{C019779F-6783-4202-A2EA-D1CBBF0925FC}.AppStore|iPhone.Build.0 = Debug|Any CPU
	EndGlobalSection
EndGlobal
