
Microsoft Visual Studio Solution File, Format Version 12.00
# Visual Studio 15
Project("{FAE04EC0-301F-11D3-BF4B-00C04F79EFBC}") = "BrowserBinding.Android", "BrowserBinding.Android\BrowserBinding.Android.csproj", "{76F37AB5-9E0A-43B4-AA33-95816968EEC0}"
EndProject
Project("{FAE04EC0-301F-11D3-BF4B-00C04F79EFBC}") = "BrowserBinding.iOS", "BrowserBinding.iOS\BrowserBinding.iOS.csproj", "{70C2DBA6-C564-43A1-9FB6-3DDA56052EE6}"
EndProject
Project("{FAE04EC0-301F-11D3-BF4B-00C04F79EFBC}") = "BrowserBinding", "BrowserBinding\BrowserBinding.csproj", "{D59E20D6-C7BA-4851-A491-2FDF15FD406C}"
EndProject
Global
	GlobalSection(SolutionConfigurationPlatforms) = preSolution
		Debug|Any CPU = Debug|Any CPU
		Release|Any CPU = Release|Any CPU
		Debug|iPhoneSimulator = Debug|iPhoneSimulator
		Release|iPhoneSimulator = Release|iPhoneSimulator
		Debug|iPhone = Debug|iPhone
		Release|iPhone = Release|iPhone
		Ad-Hoc|iPhone = Ad-Hoc|iPhone
		AppStore|iPhone = AppStore|iPhone
	EndGlobalSection
	GlobalSection(ProjectConfigurationPlatforms) = postSolution
		{76F37AB5-9E0A-43B4-AA33-95816968EEC0}.Debug|Any CPU.ActiveCfg = Debug|Any CPU
		{76F37AB5-9E0A-43B4-AA33-95816968EEC0}.Debug|Any CPU.Build.0 = Debug|Any CPU
		{76F37AB5-9E0A-43B4-AA33-95816968EEC0}.Release|Any CPU.ActiveCfg = Release|Any CPU
		{76F37AB5-9E0A-43B4-AA33-95816968EEC0}.Release|Any CPU.Build.0 = Release|Any CPU
		{76F37AB5-9E0A-43B4-AA33-95816968EEC0}.Debug|iPhoneSimulator.ActiveCfg = Debug|Any CPU
		{76F37AB5-9E0A-43B4-AA33-95816968EEC0}.Debug|iPhoneSimulator.Build.0 = Debug|Any CPU
		{76F37AB5-9E0A-43B4-AA33-95816968EEC0}.Release|iPhoneSimulator.ActiveCfg = Release|Any CPU
		{76F37AB5-9E0A-43B4-AA33-95816968EEC0}.Release|iPhoneSimulator.Build.0 = Release|Any CPU
		{76F37AB5-9E0A-43B4-AA33-95816968EEC0}.Debug|iPhone.ActiveCfg = Debug|Any CPU
		{76F37AB5-9E0A-43B4-AA33-95816968EEC0}.Debug|iPhone.Build.0 = Debug|Any CPU
		{76F37AB5-9E0A-43B4-AA33-95816968EEC0}.Release|iPhone.ActiveCfg = Release|Any CPU
		{76F37AB5-9E0A-43B4-AA33-95816968EEC0}.Release|iPhone.Build.0 = Release|Any CPU
		{76F37AB5-9E0A-43B4-AA33-95816968EEC0}.Ad-Hoc|iPhone.ActiveCfg = Debug|Any CPU
		{76F37AB5-9E0A-43B4-AA33-95816968EEC0}.Ad-Hoc|iPhone.Build.0 = Debug|Any CPU
		{76F37AB5-9E0A-43B4-AA33-95816968EEC0}.AppStore|iPhone.ActiveCfg = Debug|Any CPU
		{76F37AB5-9E0A-43B4-AA33-95816968EEC0}.AppStore|iPhone.Build.0 = Debug|Any CPU
		{70C2DBA6-C564-43A1-9FB6-3DDA56052EE6}.Debug|Any CPU.ActiveCfg = Debug|iPhoneSimulator
		{70C2DBA6-C564-43A1-9FB6-3DDA56052EE6}.Debug|Any CPU.Build.0 = Debug|iPhoneSimulator
		{70C2DBA6-C564-43A1-9FB6-3DDA56052EE6}.Release|Any CPU.ActiveCfg = Release|iPhoneSimulator
		{70C2DBA6-C564-43A1-9FB6-3DDA56052EE6}.Release|Any CPU.Build.0 = Release|iPhoneSimulator
		{70C2DBA6-C564-43A1-9FB6-3DDA56052EE6}.Debug|iPhoneSimulator.ActiveCfg = Debug|iPhoneSimulator
		{70C2DBA6-C564-43A1-9FB6-3DDA56052EE6}.Debug|iPhoneSimulator.Build.0 = Debug|iPhoneSimulator
		{70C2DBA6-C564-43A1-9FB6-3DDA56052EE6}.Release|iPhoneSimulator.ActiveCfg = Release|iPhoneSimulator
		{70C2DBA6-C564-43A1-9FB6-3DDA56052EE6}.Release|iPhoneSimulator.Build.0 = Release|iPhoneSimulator
		{70C2DBA6-C564-43A1-9FB6-3DDA56052EE6}.Debug|iPhone.ActiveCfg = Debug|iPhone
		{70C2DBA6-C564-43A1-9FB6-3DDA56052EE6}.Debug|iPhone.Build.0 = Debug|iPhone
		{70C2DBA6-C564-43A1-9FB6-3DDA56052EE6}.Release|iPhone.ActiveCfg = Release|iPhone
		{70C2DBA6-C564-43A1-9FB6-3DDA56052EE6}.Release|iPhone.Build.0 = Release|iPhone
		{70C2DBA6-C564-43A1-9FB6-3DDA56052EE6}.Ad-Hoc|iPhone.ActiveCfg = Ad-Hoc|iPhone
		{70C2DBA6-C564-43A1-9FB6-3DDA56052EE6}.Ad-Hoc|iPhone.Build.0 = Ad-Hoc|iPhone
		{70C2DBA6-C564-43A1-9FB6-3DDA56052EE6}.AppStore|iPhone.ActiveCfg = AppStore|iPhone
		{70C2DBA6-C564-43A1-9FB6-3DDA56052EE6}.AppStore|iPhone.Build.0 = AppStore|iPhone
		{D59E20D6-C7BA-4851-A491-2FDF15FD406C}.Debug|Any CPU.ActiveCfg = Debug|Any CPU
		{D59E20D6-C7BA-4851-A491-2FDF15FD406C}.Debug|Any CPU.Build.0 = Debug|Any CPU
		{D59E20D6-C7BA-4851-A491-2FDF15FD406C}.Release|Any CPU.ActiveCfg = Release|Any CPU
		{D59E20D6-C7BA-4851-A491-2FDF15FD406C}.Release|Any CPU.Build.0 = Release|Any CPU
		{D59E20D6-C7BA-4851-A491-2FDF15FD406C}.Debug|iPhoneSimulator.ActiveCfg = Debug|Any CPU
		{D59E20D6-C7BA-4851-A491-2FDF15FD406C}.Debug|iPhoneSimulator.Build.0 = Debug|Any CPU
		{D59E20D6-C7BA-4851-A491-2FDF15FD406C}.Release|iPhoneSimulator.ActiveCfg = Release|Any CPU
		{D59E20D6-C7BA-4851-A491-2FDF15FD406C}.Release|iPhoneSimulator.Build.0 = Release|Any CPU
		{D59E20D6-C7BA-4851-A491-2FDF15FD406C}.Debug|iPhone.ActiveCfg = Debug|Any CPU
		{D59E20D6-C7BA-4851-A491-2FDF15FD406C}.Debug|iPhone.Build.0 = Debug|Any CPU
		{D59E20D6-C7BA-4851-A491-2FDF15FD406C}.Release|iPhone.ActiveCfg = Release|Any CPU
		{D59E20D6-C7BA-4851-A491-2FDF15FD406C}.Release|iPhone.Build.0 = Release|Any CPU
		{D59E20D6-C7BA-4851-A491-2FDF15FD406C}.Ad-Hoc|iPhone.ActiveCfg = Debug|Any CPU
		{D59E20D6-C7BA-4851-A491-2FDF15FD406C}.Ad-Hoc|iPhone.Build.0 = Debug|Any CPU
		{D59E20D6-C7BA-4851-A491-2FDF15FD406C}.AppStore|iPhone.ActiveCfg = Debug|Any CPU
		{D59E20D6-C7BA-4851-A491-2FDF15FD406C}.AppStore|iPhone.Build.0 = Debug|Any CPU
	EndGlobalSection
EndGlobal
