
Microsoft Visual Studio Solution File, Format Version 12.00
# Visual Studio 15
Project("{FAE04EC0-301F-11D3-BF4B-00C04F79EFBC}") = "Paralel.Android", "Paralel.Android\Paralel.Android.csproj", "{2B0F3F3F-6D79-4898-9839-8CC96ED3EE97}"
EndProject
Project("{FAE04EC0-301F-11D3-BF4B-00C04F79EFBC}") = "Paralel.iOS", "Paralel.iOS\Paralel.iOS.csproj", "{D597CF62-432B-48AD-97E3-88DF9A6DC278}"
EndProject
Project("{FAE04EC0-301F-11D3-BF4B-00C04F79EFBC}") = "Paralel", "Paralel\Paralel.csproj", "{10903A25-28C0-46DB-847F-DBF371E97B51}"
EndProject
Global
	GlobalSection(SolutionConfigurationPlatforms) = preSolution
		Debug|Any CPU = Debug|Any CPU
		Release|Any CPU = Release|Any CPU
		Debug|iPhoneSimulator = Debug|iPhoneSimulator
		Release|iPhoneSimulator = Release|iPhoneSimulator
		Debug|iPhone = Debug|iPhone
		Release|iPhone = Release|iPhone
		Ad-Hoc|iPhone = Ad-Hoc|iPhone
		AppStore|iPhone = AppStore|iPhone
	EndGlobalSection
	GlobalSection(ProjectConfigurationPlatforms) = postSolution
		{2B0F3F3F-6D79-4898-9839-8CC96ED3EE97}.Debug|Any CPU.ActiveCfg = Debug|Any CPU
		{2B0F3F3F-6D79-4898-9839-8CC96ED3EE97}.Debug|Any CPU.Build.0 = Debug|Any CPU
		{2B0F3F3F-6D79-4898-9839-8CC96ED3EE97}.Release|Any CPU.ActiveCfg = Release|Any CPU
		{2B0F3F3F-6D79-4898-9839-8CC96ED3EE97}.Release|Any CPU.Build.0 = Release|Any CPU
		{2B0F3F3F-6D79-4898-9839-8CC96ED3EE97}.Debug|iPhoneSimulator.ActiveCfg = Debug|Any CPU
		{2B0F3F3F-6D79-4898-9839-8CC96ED3EE97}.Debug|iPhoneSimulator.Build.0 = Debug|Any CPU
		{2B0F3F3F-6D79-4898-9839-8CC96ED3EE97}.Release|iPhoneSimulator.ActiveCfg = Release|Any CPU
		{2B0F3F3F-6D79-4898-9839-8CC96ED3EE97}.Release|iPhoneSimulator.Build.0 = Release|Any CPU
		{2B0F3F3F-6D79-4898-9839-8CC96ED3EE97}.Debug|iPhone.ActiveCfg = Debug|Any CPU
		{2B0F3F3F-6D79-4898-9839-8CC96ED3EE97}.Debug|iPhone.Build.0 = Debug|Any CPU
		{2B0F3F3F-6D79-4898-9839-8CC96ED3EE97}.Release|iPhone.ActiveCfg = Release|Any CPU
		{2B0F3F3F-6D79-4898-9839-8CC96ED3EE97}.Release|iPhone.Build.0 = Release|Any CPU
		{2B0F3F3F-6D79-4898-9839-8CC96ED3EE97}.Ad-Hoc|iPhone.ActiveCfg = Debug|Any CPU
		{2B0F3F3F-6D79-4898-9839-8CC96ED3EE97}.Ad-Hoc|iPhone.Build.0 = Debug|Any CPU
		{2B0F3F3F-6D79-4898-9839-8CC96ED3EE97}.AppStore|iPhone.ActiveCfg = Debug|Any CPU
		{2B0F3F3F-6D79-4898-9839-8CC96ED3EE97}.AppStore|iPhone.Build.0 = Debug|Any CPU
		{D597CF62-432B-48AD-97E3-88DF9A6DC278}.Debug|Any CPU.ActiveCfg = Debug|iPhoneSimulator
		{D597CF62-432B-48AD-97E3-88DF9A6DC278}.Debug|Any CPU.Build.0 = Debug|iPhoneSimulator
		{D597CF62-432B-48AD-97E3-88DF9A6DC278}.Release|Any CPU.ActiveCfg = Release|iPhoneSimulator
		{D597CF62-432B-48AD-97E3-88DF9A6DC278}.Release|Any CPU.Build.0 = Release|iPhoneSimulator
		{D597CF62-432B-48AD-97E3-88DF9A6DC278}.Debug|iPhoneSimulator.ActiveCfg = Debug|iPhoneSimulator
		{D597CF62-432B-48AD-97E3-88DF9A6DC278}.Debug|iPhoneSimulator.Build.0 = Debug|iPhoneSimulator
		{D597CF62-432B-48AD-97E3-88DF9A6DC278}.Release|iPhoneSimulator.ActiveCfg = Release|iPhoneSimulator
		{D597CF62-432B-48AD-97E3-88DF9A6DC278}.Release|iPhoneSimulator.Build.0 = Release|iPhoneSimulator
		{D597CF62-432B-48AD-97E3-88DF9A6DC278}.Debug|iPhone.ActiveCfg = Debug|iPhone
		{D597CF62-432B-48AD-97E3-88DF9A6DC278}.Debug|iPhone.Build.0 = Debug|iPhone
		{D597CF62-432B-48AD-97E3-88DF9A6DC278}.Release|iPhone.ActiveCfg = Release|iPhone
		{D597CF62-432B-48AD-97E3-88DF9A6DC278}.Release|iPhone.Build.0 = Release|iPhone
		{D597CF62-432B-48AD-97E3-88DF9A6DC278}.Ad-Hoc|iPhone.ActiveCfg = Ad-Hoc|iPhone
		{D597CF62-432B-48AD-97E3-88DF9A6DC278}.Ad-Hoc|iPhone.Build.0 = Ad-Hoc|iPhone
		{D597CF62-432B-48AD-97E3-88DF9A6DC278}.AppStore|iPhone.ActiveCfg = AppStore|iPhone
		{D597CF62-432B-48AD-97E3-88DF9A6DC278}.AppStore|iPhone.Build.0 = AppStore|iPhone
		{10903A25-28C0-46DB-847F-DBF371E97B51}.Debug|Any CPU.ActiveCfg = Debug|Any CPU
		{10903A25-28C0-46DB-847F-DBF371E97B51}.Debug|Any CPU.Build.0 = Debug|Any CPU
		{10903A25-28C0-46DB-847F-DBF371E97B51}.Release|Any CPU.ActiveCfg = Release|Any CPU
		{10903A25-28C0-46DB-847F-DBF371E97B51}.Release|Any CPU.Build.0 = Release|Any CPU
		{10903A25-28C0-46DB-847F-DBF371E97B51}.Debug|iPhoneSimulator.ActiveCfg = Debug|Any CPU
		{10903A25-28C0-46DB-847F-DBF371E97B51}.Debug|iPhoneSimulator.Build.0 = Debug|Any CPU
		{10903A25-28C0-46DB-847F-DBF371E97B51}.Release|iPhoneSimulator.ActiveCfg = Release|Any CPU
		{10903A25-28C0-46DB-847F-DBF371E97B51}.Release|iPhoneSimulator.Build.0 = Release|Any CPU
		{10903A25-28C0-46DB-847F-DBF371E97B51}.Debug|iPhone.ActiveCfg = Debug|Any CPU
		{10903A25-28C0-46DB-847F-DBF371E97B51}.Debug|iPhone.Build.0 = Debug|Any CPU
		{10903A25-28C0-46DB-847F-DBF371E97B51}.Release|iPhone.ActiveCfg = Release|Any CPU
		{10903A25-28C0-46DB-847F-DBF371E97B51}.Release|iPhone.Build.0 = Release|Any CPU
		{10903A25-28C0-46DB-847F-DBF371E97B51}.Ad-Hoc|iPhone.ActiveCfg = Debug|Any CPU
		{10903A25-28C0-46DB-847F-DBF371E97B51}.Ad-Hoc|iPhone.Build.0 = Debug|Any CPU
		{10903A25-28C0-46DB-847F-DBF371E97B51}.AppStore|iPhone.ActiveCfg = Debug|Any CPU
		{10903A25-28C0-46DB-847F-DBF371E97B51}.AppStore|iPhone.Build.0 = Debug|Any CPU
	EndGlobalSection
EndGlobal
